
Microsoft Visual Studio Solution File, Format Version 12.00
# Visual Studio 15
VisualStudioVersion = 15.0.28307.1145
MinimumVisualStudioVersion = 10.0.40219.1
Project("{FAE04EC0-301F-11D3-BF4B-00C04F79EFBC}") = "student_note_system", "student_note_system\student_note_system.csproj", "{297EB95B-7F53-43E1-BDFB-F7772A6046E2}"
EndProject
Global
	GlobalSection(SolutionConfigurationPlatforms) = preSolution
		Debug|Any CPU = Debug|Any CPU
		Release|Any CPU = Release|Any CPU
	EndGlobalSection
	GlobalSection(ProjectConfigurationPlatforms) = postSolution
		{297EB95B-7F53-43E1-BDFB-F7772A6046E2}.Debug|Any CPU.ActiveCfg = Debug|Any CPU
		{297EB95B-7F53-43E1-BDFB-F7772A6046E2}.Debug|Any CPU.Build.0 = Debug|Any CPU
		{297EB95B-7F53-43E1-BDFB-F7772A6046E2}.Release|Any CPU.ActiveCfg = Release|Any CPU
		{297EB95B-7F53-43E1-BDFB-F7772A6046E2}.Release|Any CPU.Build.0 = Release|Any CPU
	EndGlobalSection
	GlobalSection(SolutionProperties) = preSolution
		HideSolutionNode = FALSE
	EndGlobalSection
	GlobalSection(ExtensibilityGlobals) = postSolution
		SolutionGuid = {061AFDDA-F2D8-45F6-ABE1-1DB450FFD81A}
	EndGlobalSection
EndGlobal
